
Microsoft Visual Studio Solution File, Format Version 12.00
# Visual Studio 15
VisualStudioVersion = 15.0.27428.1
MinimumVisualStudioVersion = 10.0.40219.1
Project("{9A19103F-16F7-4668-BE54-9A1E7A4F7556}") = "SimpleInventory", "SimpleInventory\SimpleInventory.csproj", "{A6729AC2-A76A-4E91-87F3-70AEEC3698F5}"
EndProject
Project("{FAE04EC0-301F-11D3-BF4B-00C04F79EFBC}") = "SimpleInventoryTest", "SimpleInventoryTest\SimpleInventoryTest.csproj", "{DB07FD28-C79C-4092-84CA-9DAAE2EF14B0}"
EndProject
Project("{E53339B2-1760-4266-BCC7-CA923CBCF16C}") = "docker-compose", "docker-compose.dcproj", "{591427AB-F830-4C4D-892A-C572DA45E256}"
EndProject
Project("{FAE04EC0-301F-11D3-BF4B-00C04F79EFBC}") = "SimpleInventory.BL", "SimpleInventory.BL\SimpleInventory.BL.csproj", "{0C490101-13A8-404F-AB07-1C63D53D1F61}"
EndProject
Project("{FAE04EC0-301F-11D3-BF4B-00C04F79EFBC}") = "Functional.Lib", "Functional.Lib\Functional.Lib.csproj", "{5FA21AF3-F48A-4B67-9950-7812F7942263}"
EndProject
Project("{FAE04EC0-301F-11D3-BF4B-00C04F79EFBC}") = "SimpleInventory.DL", "SimpleInventory.DL\SimpleInventory.DL.csproj", "{19490F4E-6890-4156-A23D-18EA75CD1A90}"
EndProject
Global
	GlobalSection(SolutionConfigurationPlatforms) = preSolution
		Debug|Any CPU = Debug|Any CPU
		Release|Any CPU = Release|Any CPU
	EndGlobalSection
	GlobalSection(ProjectConfigurationPlatforms) = postSolution
		{A6729AC2-A76A-4E91-87F3-70AEEC3698F5}.Debug|Any CPU.ActiveCfg = Debug|Any CPU
		{A6729AC2-A76A-4E91-87F3-70AEEC3698F5}.Debug|Any CPU.Build.0 = Debug|Any CPU
		{A6729AC2-A76A-4E91-87F3-70AEEC3698F5}.Release|Any CPU.ActiveCfg = Release|Any CPU
		{A6729AC2-A76A-4E91-87F3-70AEEC3698F5}.Release|Any CPU.Build.0 = Release|Any CPU
		{DB07FD28-C79C-4092-84CA-9DAAE2EF14B0}.Debug|Any CPU.ActiveCfg = Debug|Any CPU
		{DB07FD28-C79C-4092-84CA-9DAAE2EF14B0}.Debug|Any CPU.Build.0 = Debug|Any CPU
		{DB07FD28-C79C-4092-84CA-9DAAE2EF14B0}.Release|Any CPU.ActiveCfg = Release|Any CPU
		{DB07FD28-C79C-4092-84CA-9DAAE2EF14B0}.Release|Any CPU.Build.0 = Release|Any CPU
		{591427AB-F830-4C4D-892A-C572DA45E256}.Debug|Any CPU.ActiveCfg = Debug|Any CPU
		{591427AB-F830-4C4D-892A-C572DA45E256}.Debug|Any CPU.Build.0 = Debug|Any CPU
		{591427AB-F830-4C4D-892A-C572DA45E256}.Release|Any CPU.ActiveCfg = Release|Any CPU
		{591427AB-F830-4C4D-892A-C572DA45E256}.Release|Any CPU.Build.0 = Release|Any CPU
		{0C490101-13A8-404F-AB07-1C63D53D1F61}.Debug|Any CPU.ActiveCfg = Debug|Any CPU
		{0C490101-13A8-404F-AB07-1C63D53D1F61}.Debug|Any CPU.Build.0 = Debug|Any CPU
		{0C490101-13A8-404F-AB07-1C63D53D1F61}.Release|Any CPU.ActiveCfg = Release|Any CPU
		{0C490101-13A8-404F-AB07-1C63D53D1F61}.Release|Any CPU.Build.0 = Release|Any CPU
		{5FA21AF3-F48A-4B67-9950-7812F7942263}.Debug|Any CPU.ActiveCfg = Debug|Any CPU
		{5FA21AF3-F48A-4B67-9950-7812F7942263}.Debug|Any CPU.Build.0 = Debug|Any CPU
		{5FA21AF3-F48A-4B67-9950-7812F7942263}.Release|Any CPU.ActiveCfg = Release|Any CPU
		{5FA21AF3-F48A-4B67-9950-7812F7942263}.Release|Any CPU.Build.0 = Release|Any CPU
		{19490F4E-6890-4156-A23D-18EA75CD1A90}.Debug|Any CPU.ActiveCfg = Debug|Any CPU
		{19490F4E-6890-4156-A23D-18EA75CD1A90}.Debug|Any CPU.Build.0 = Debug|Any CPU
		{19490F4E-6890-4156-A23D-18EA75CD1A90}.Release|Any CPU.ActiveCfg = Release|Any CPU
		{19490F4E-6890-4156-A23D-18EA75CD1A90}.Release|Any CPU.Build.0 = Release|Any CPU
	EndGlobalSection
	GlobalSection(SolutionProperties) = preSolution
		HideSolutionNode = FALSE
	EndGlobalSection
	GlobalSection(ExtensibilityGlobals) = postSolution
		SolutionGuid = {8A446643-EECA-44AC-A0FD-E5BD0C89335B}
	EndGlobalSection
EndGlobal
